webtyp.com/dom v0.13.20 h1:/UNF5y2sy7tpI6KFc+RMdZQkteklhXppajHuzoSDiN4=
webtyp.com/dom v0.13.20/go.mod h1:p7Vl/6A0VR3GU+NHR4Ggn0oTnRRBPUZ9+RziR5tDB4Q=
webtyp.com/fmt v1.0.0 h1:W0vMMGC6ezg1q2LarAEaVnNvZ26hVqzZdQQH1wcNogM=
webtyp.com/fmt v1.0.0/go.mod h1:FmTxx713R45J21kbH5JOmKGaaCap3fJPA9Yl2n4Ch7U=
webtyp.com/json v0.5.27 h1:QNljdAHaKJfi9FdToMvWDxAa/taHUJ8yNbkksGT4hUc=
webtyp.com/json v0.5.27/go.mod h1:kIAtefqg9B8tHtYWelE6PAtpBILwuV61+9n+2bU/lxw=
webtyp.com/model v0.1.9 h1:XpkNiIQbIVaFrbh4E/UqdIutHFNA92//KSP4M/owaSQ=
webtyp.com/model v0.1.9/go.mod h1:OkyYeE3GOG8eAQGhd9wVsORAhr+xYj3q8avpoGXG25c=
