webtyp.com/dom v0.13.15 h1:xL64SQRjr756RKZZY0NoGlQvG/ym62DjAAMUpJrOk+U=
webtyp.com/dom v0.13.15/go.mod h1:p7Vl/6A0VR3GU+NHR4Ggn0oTnRRBPUZ9+RziR5tDB4Q=
webtyp.com/fmt v1.0.0 h1:W0vMMGC6ezg1q2LarAEaVnNvZ26hVqzZdQQH1wcNogM=
webtyp.com/fmt v1.0.0/go.mod h1:FmTxx713R45J21kbH5JOmKGaaCap3fJPA9Yl2n4Ch7U=
webtyp.com/html v0.0.22 h1:3jD6QeD4Utos31fD56uh+N4CBQ70LEpAgsXsRtCrYfI=
webtyp.com/html v0.0.22/go.mod h1:IEt+HCKkbBZW4G/Y2PUy2LaG2nF2k8g/bIlVt5nt2eg=
